// !$*UTF8*$!
{
	archiveVersion = 1;
	classes = {
	};
	objectVersion = 51;
	objects = {

/* Begin PBXBuildFile section */
		56A14AB3B53A2E07E2CC4FDE /* Pods_Dignicate_zero1_Dignicate_zero1UITests.framework in Frameworks */ = {isa = PBXBuildFile; fileRef = 55DD343CC93620A12127F8E6 /* Pods_Dignicate_zero1_Dignicate_zero1UITests.framework */; };
		6148F3496EC19301BD849245 /* Pods_Dignicate_zero1.framework in Frameworks */ = {isa = PBXBuildFile; fileRef = 7026D913F9453638EF385579 /* Pods_Dignicate_zero1.framework */; };
		855F51C69772B1C173921698 /* FetchAndSaveDataUseCase.swift in Sources */ = {isa = PBXBuildFile; fileRef = 855F596B339E7ECDEA781F16 /* FetchAndSaveDataUseCase.swift */; };
		855F52815C5A95A32868CA79 /* FetchWithDataStateViewModel.swift in Sources */ = {isa = PBXBuildFile; fileRef = 855F5AF8901DFDEDCBC07B7E /* FetchWithDataStateViewModel.swift */; };
		855F5369ACEAF3CD77D2C760 /* CompanyInfoFetchAndSaveRepositoryProtocol.swift in Sources */ = {isa = PBXBuildFile; fileRef = 855F55C8653B2AAC2EB6DBC8 /* CompanyInfoFetchAndSaveRepositoryProtocol.swift */; };
		855F5418984676741BDF3EBD /* FetchWithDataStateUseCase.swift in Sources */ = {isa = PBXBuildFile; fileRef = 855F520240E20491D5E54171 /* FetchWithDataStateUseCase.swift */; };
		855F5425B37D6A73F319E76E /* FetchWithDataStateViewController.swift in Sources */ = {isa = PBXBuildFile; fileRef = 855F576707A2DFB33B9BE7DA /* FetchWithDataStateViewController.swift */; };
		855F54E4F2C23BDF06AFE4D3 /* FetchAndSaveDataViewController.swift in Sources */ = {isa = PBXBuildFile; fileRef = 855F5CB552D3BDABD6687377 /* FetchAndSaveDataViewController.swift */; };
		855F550E2BA72385F4464BAB /* OneTimeBillingRepositoryProtocol.swift in Sources */ = {isa = PBXBuildFile; fileRef = 855F5771619D0DF7700CD713 /* OneTimeBillingRepositoryProtocol.swift */; };
		855F56DE7A8DFCB210AA3356 /* OneTimeBillingUseCase.swift in Sources */ = {isa = PBXBuildFile; fileRef = 855F53FDE600EC4CC5CCD7E8 /* OneTimeBillingUseCase.swift */; };
		855F56EA45AC3F19EB26DDA6 /* OneTimeBillingRepository.swift in Sources */ = {isa = PBXBuildFile; fileRef = 855F539778A51FD919D62A14 /* OneTimeBillingRepository.swift */; };
		855F56FD3EC7B94A5D7FE593 /* SimpleCompanyInfoRepositoryMock.swift in Sources */ = {isa = PBXBuildFile; fileRef = 855F5B4BDC383AD761743957 /* SimpleCompanyInfoRepositoryMock.swift */; };
		855F58744038EF7A38D07662 /* OneTimeBillingViewController.swift in Sources */ = {isa = PBXBuildFile; fileRef = 855F53758201774B799D98A8 /* OneTimeBillingViewController.swift */; };
		855F5A6027396628911592D1 /* CompanyInfo.swift in Sources */ = {isa = PBXBuildFile; fileRef = 855F52470919915DBE44CB22 /* CompanyInfo.swift */; };
		855F5AA9C990E65442556757 /* SimpleCompanyInfoRepositoryProtocol.swift in Sources */ = {isa = PBXBuildFile; fileRef = 855F55A1B72DEDE3487FD03D /* SimpleCompanyInfoRepositoryProtocol.swift */; };
		855F5AB1BC08C931D137D3FB /* FetchAndSaveDataViewModel.swift in Sources */ = {isa = PBXBuildFile; fileRef = 855F5AA5B6B46F8AE88618BD /* FetchAndSaveDataViewModel.swift */; };
		855F5B7F99ECED87AEE2C873 /* BasicFetchAPIUseCase.swift in Sources */ = {isa = PBXBuildFile; fileRef = 855F59D2179745D86ECF38E4 /* BasicFetchAPIUseCase.swift */; };
		855F5BF9A2E3AA93C14273FB /* FetchWithDataStateViewController.xib in Resources */ = {isa = PBXBuildFile; fileRef = 855F5AAAA4D80B18F7BC88AB /* FetchWithDataStateViewController.xib */; };
		855F5D1C92E93F92F04F1E41 /* OneTimeBillingViewModel.swift in Sources */ = {isa = PBXBuildFile; fileRef = 855F5946DDD00CDFD6A47FAF /* OneTimeBillingViewModel.swift */; };
		8C060CA7265004C900620288 /* AppDelegate.swift in Sources */ = {isa = PBXBuildFile; fileRef = 8C060CA6265004C900620288 /* AppDelegate.swift */; };
		8C060CA9265004C900620288 /* SceneDelegate.swift in Sources */ = {isa = PBXBuildFile; fileRef = 8C060CA8265004C900620288 /* SceneDelegate.swift */; };
		8C060CAB265004C900620288 /* TopViewController.swift in Sources */ = {isa = PBXBuildFile; fileRef = 8C060CAA265004C900620288 /* TopViewController.swift */; };
		8C060CAE265004C900620288 /* Main.storyboard in Resources */ = {isa = PBXBuildFile; fileRef = 8C060CAC265004C900620288 /* Main.storyboard */; };
		8C060CB0265004CA00620288 /* Assets.xcassets in Resources */ = {isa = PBXBuildFile; fileRef = 8C060CAF265004CA00620288 /* Assets.xcassets */; };
		8C060CB3265004CA00620288 /* LaunchScreen.storyboard in Resources */ = {isa = PBXBuildFile; fileRef = 8C060CB1265004CA00620288 /* LaunchScreen.storyboard */; };
		8C060CBE265004CA00620288 /* Dignicate_zero1Tests.swift in Sources */ = {isa = PBXBuildFile; fileRef = 8C060CBD265004CA00620288 /* Dignicate_zero1Tests.swift */; };
		8C060CC9265004CA00620288 /* Dignicate_zero1UITests.swift in Sources */ = {isa = PBXBuildFile; fileRef = 8C060CC8265004CA00620288 /* Dignicate_zero1UITests.swift */; };
		8C2382672666F6FC001A2CDC /* FetchAndSaveDataViewController.xib in Resources */ = {isa = PBXBuildFile; fileRef = 8C2382662666F6FC001A2CDC /* FetchAndSaveDataViewController.xib */; };
		8C2ED4CF265562B900D3054D /* BasicFetchAPIViewController.xib in Resources */ = {isa = PBXBuildFile; fileRef = 8C2ED4CE265562B900D3054D /* BasicFetchAPIViewController.xib */; };
		8CAFE3C627534C3800C9EBB4 /* OneTimeBillingViewController.xib in Resources */ = {isa = PBXBuildFile; fileRef = 8CAFE3C527534C3800C9EBB4 /* OneTimeBillingViewController.xib */; };
		8CD389422653018300D6F869 /* TopViewTableCell.xib in Resources */ = {isa = PBXBuildFile; fileRef = 8CD389412653018300D6F869 /* TopViewTableCell.xib */; };
		8CDD7D2426563BDD00F9B503 /* Colors.xcassets in Resources */ = {isa = PBXBuildFile; fileRef = 8CDD7D2326563BDD00F9B503 /* Colors.xcassets */; };
		DBF1486429FED1EC6FEA82B2 /* Pods_Dignicate_zero1Tests.framework in Frameworks */ = {isa = PBXBuildFile; fileRef = 7C823DF5268C10002526D362 /* Pods_Dignicate_zero1Tests.framework */; };
		E897E054B73B470452303D42 /* BasicFetchMockDomain.swift in Sources */ = {isa = PBXBuildFile; fileRef = E897EC9DEB0A81C2038818EF /* BasicFetchMockDomain.swift */; };
		E897E3D303653AA6A379563F /* CompanyInfoDataStoreInMemory.swift in Sources */ = {isa = PBXBuildFile; fileRef = E897E018EA9F331EF7FD79D1 /* CompanyInfoDataStoreInMemory.swift */; };
		E897E6F8CCC97C43CBF67C90 /* TopViewModel.swift in Sources */ = {isa = PBXBuildFile; fileRef = E897EE3D03DFB2D578AA4133 /* TopViewModel.swift */; };
		E897E79F94384F67658D9AB4 /* BasicFetchAPIViewModel.swift in Sources */ = {isa = PBXBuildFile; fileRef = E897E082BAEF78C0FFF17706 /* BasicFetchAPIViewModel.swift */; };
		E897E831AC66B10271714E3A /* CompanyInfoFetchAndSaveRepositoryMock.swift in Sources */ = {isa = PBXBuildFile; fileRef = E897E827967AD304DA62BA2E /* CompanyInfoFetchAndSaveRepositoryMock.swift */; };
		E897E942D0C02431FCD08DCF /* TopViewTableCell.swift in Sources */ = {isa = PBXBuildFile; fileRef = E897E032FA74925FB5FA3C17 /* TopViewTableCell.swift */; };
		E897ECB580CEBEF411CC06D6 /* Resources.swift in Sources */ = {isa = PBXBuildFile; fileRef = E897E2D62ECBD60B61401F9B /* Resources.swift */; };
		E897EE7E53C9EA3ED885D30E /* BasicFetchAPIViewController.swift in Sources */ = {isa = PBXBuildFile; fileRef = E897EF4DC8D3A3D80AA5FE9E /* BasicFetchAPIViewController.swift */; };
/* End PBXBuildFile section */

/* Begin PBXContainerItemProxy section */
		8C060CBA265004CA00620288 /* PBXContainerItemProxy */ = {
			isa = PBXContainerItemProxy;
			containerPortal = 8C060C9B265004C900620288 /* Project object */;
			proxyType = 1;
			remoteGlobalIDString = 8C060CA2265004C900620288;
			remoteInfo = Dignicate.zero1;
		};
		8C060CC5265004CA00620288 /* PBXContainerItemProxy */ = {
			isa = PBXContainerItemProxy;
			containerPortal = 8C060C9B265004C900620288 /* Project object */;
			proxyType = 1;
			remoteGlobalIDString = 8C060CA2265004C900620288;
			remoteInfo = Dignicate.zero1;
		};
/* End PBXContainerItemProxy section */

/* Begin PBXFileReference section */
		0DD541953A9CD4CAEDF29C9D /* Pods-Dignicate.zero1-Dignicate.zero1UITests.debug.xcconfig */ = {isa = PBXFileReference; includeInIndex = 1; lastKnownFileType = text.xcconfig; name = "Pods-Dignicate.zero1-Dignicate.zero1UITests.debug.xcconfig"; path = "Target Support Files/Pods-Dignicate.zero1-Dignicate.zero1UITests/Pods-Dignicate.zero1-Dignicate.zero1UITests.debug.xcconfig"; sourceTree = "<group>"; };
		3EED915D7D7A247808EE4FFD /* Pods-Dignicate.zero1Tests.release.xcconfig */ = {isa = PBXFileReference; includeInIndex = 1; lastKnownFileType = text.xcconfig; name = "Pods-Dignicate.zero1Tests.release.xcconfig"; path = "Target Support Files/Pods-Dignicate.zero1Tests/Pods-Dignicate.zero1Tests.release.xcconfig"; sourceTree = "<group>"; };
		55DD343CC93620A12127F8E6 /* Pods_Dignicate_zero1_Dignicate_zero1UITests.framework */ = {isa = PBXFileReference; explicitFileType = wrapper.framework; includeInIndex = 0; path = Pods_Dignicate_zero1_Dignicate_zero1UITests.framework; sourceTree = BUILT_PRODUCTS_DIR; };
		5854B69B6040AFF957F3BC07 /* Pods-Dignicate.zero1Tests.debug.xcconfig */ = {isa = PBXFileReference; includeInIndex = 1; lastKnownFileType = text.xcconfig; name = "Pods-Dignicate.zero1Tests.debug.xcconfig"; path = "Target Support Files/Pods-Dignicate.zero1Tests/Pods-Dignicate.zero1Tests.debug.xcconfig"; sourceTree = "<group>"; };
		68BB868F1478C24E5DABDE90 /* Pods-Dignicate.zero1.release.xcconfig */ = {isa = PBXFileReference; includeInIndex = 1; lastKnownFileType = text.xcconfig; name = "Pods-Dignicate.zero1.release.xcconfig"; path = "Target Support Files/Pods-Dignicate.zero1/Pods-Dignicate.zero1.release.xcconfig"; sourceTree = "<group>"; };
		69F37E804164BEAE24416941 /* Pods-Dignicate.zero1.debug.xcconfig */ = {isa = PBXFileReference; includeInIndex = 1; lastKnownFileType = text.xcconfig; name = "Pods-Dignicate.zero1.debug.xcconfig"; path = "Target Support Files/Pods-Dignicate.zero1/Pods-Dignicate.zero1.debug.xcconfig"; sourceTree = "<group>"; };
		7026D913F9453638EF385579 /* Pods_Dignicate_zero1.framework */ = {isa = PBXFileReference; explicitFileType = wrapper.framework; includeInIndex = 0; path = Pods_Dignicate_zero1.framework; sourceTree = BUILT_PRODUCTS_DIR; };
		7C823DF5268C10002526D362 /* Pods_Dignicate_zero1Tests.framework */ = {isa = PBXFileReference; explicitFileType = wrapper.framework; includeInIndex = 0; path = Pods_Dignicate_zero1Tests.framework; sourceTree = BUILT_PRODUCTS_DIR; };
		855F520240E20491D5E54171 /* FetchWithDataStateUseCase.swift */ = {isa = PBXFileReference; fileEncoding = 4; lastKnownFileType = sourcecode.swift; path = FetchWithDataStateUseCase.swift; sourceTree = "<group>"; };
		855F52470919915DBE44CB22 /* CompanyInfo.swift */ = {isa = PBXFileReference; fileEncoding = 4; lastKnownFileType = sourcecode.swift; path = CompanyInfo.swift; sourceTree = "<group>"; };
		855F53758201774B799D98A8 /* OneTimeBillingViewController.swift */ = {isa = PBXFileReference; fileEncoding = 4; lastKnownFileType = sourcecode.swift; path = OneTimeBillingViewController.swift; sourceTree = "<group>"; };
		855F539778A51FD919D62A14 /* OneTimeBillingRepository.swift */ = {isa = PBXFileReference; fileEncoding = 4; lastKnownFileType = sourcecode.swift; path = OneTimeBillingRepository.swift; sourceTree = "<group>"; };
		855F53FDE600EC4CC5CCD7E8 /* OneTimeBillingUseCase.swift */ = {isa = PBXFileReference; fileEncoding = 4; lastKnownFileType = sourcecode.swift; path = OneTimeBillingUseCase.swift; sourceTree = "<group>"; };
		855F55A1B72DEDE3487FD03D /* SimpleCompanyInfoRepositoryProtocol.swift */ = {isa = PBXFileReference; fileEncoding = 4; lastKnownFileType = sourcecode.swift; path = SimpleCompanyInfoRepositoryProtocol.swift; sourceTree = "<group>"; };
		855F55C8653B2AAC2EB6DBC8 /* CompanyInfoFetchAndSaveRepositoryProtocol.swift */ = {isa = PBXFileReference; fileEncoding = 4; lastKnownFileType = sourcecode.swift; path = CompanyInfoFetchAndSaveRepositoryProtocol.swift; sourceTree = "<group>"; };
		855F576707A2DFB33B9BE7DA /* FetchWithDataStateViewController.swift */ = {isa = PBXFileReference; fileEncoding = 4; lastKnownFileType = sourcecode.swift; path = FetchWithDataStateViewController.swift; sourceTree = "<group>"; };
		855F5771619D0DF7700CD713 /* OneTimeBillingRepositoryProtocol.swift */ = {isa = PBXFileReference; fileEncoding = 4; lastKnownFileType = sourcecode.swift; path = OneTimeBillingRepositoryProtocol.swift; sourceTree = "<group>"; };
		855F5946DDD00CDFD6A47FAF /* OneTimeBillingViewModel.swift */ = {isa = PBXFileReference; fileEncoding = 4; lastKnownFileType = sourcecode.swift; path = OneTimeBillingViewModel.swift; sourceTree = "<group>"; };
		855F596B339E7ECDEA781F16 /* FetchAndSaveDataUseCase.swift */ = {isa = PBXFileReference; fileEncoding = 4; lastKnownFileType = sourcecode.swift; path = FetchAndSaveDataUseCase.swift; sourceTree = "<group>"; };
		855F59D2179745D86ECF38E4 /* BasicFetchAPIUseCase.swift */ = {isa = PBXFileReference; fileEncoding = 4; lastKnownFileType = sourcecode.swift; path = BasicFetchAPIUseCase.swift; sourceTree = "<group>"; };
		855F5AA5B6B46F8AE88618BD /* FetchAndSaveDataViewModel.swift */ = {isa = PBXFileReference; fileEncoding = 4; lastKnownFileType = sourcecode.swift; path = FetchAndSaveDataViewModel.swift; sourceTree = "<group>"; };
		855F5AAAA4D80B18F7BC88AB /* FetchWithDataStateViewController.xib */ = {isa = PBXFileReference; lastKnownFileType = file.xib; path = FetchWithDataStateViewController.xib; sourceTree = "<group>"; };
		855F5AF8901DFDEDCBC07B7E /* FetchWithDataStateViewModel.swift */ = {isa = PBXFileReference; fileEncoding = 4; lastKnownFileType = sourcecode.swift; path = FetchWithDataStateViewModel.swift; sourceTree = "<group>"; };
		855F5B4BDC383AD761743957 /* SimpleCompanyInfoRepositoryMock.swift */ = {isa = PBXFileReference; fileEncoding = 4; lastKnownFileType = sourcecode.swift; path = SimpleCompanyInfoRepositoryMock.swift; sourceTree = "<group>"; };
		855F5CB552D3BDABD6687377 /* FetchAndSaveDataViewController.swift */ = {isa = PBXFileReference; fileEncoding = 4; lastKnownFileType = sourcecode.swift; path = FetchAndSaveDataViewController.swift; sourceTree = "<group>"; };
		8C060CA3265004C900620288 /* Dignicate.zero1.app */ = {isa = PBXFileReference; explicitFileType = wrapper.application; includeInIndex = 0; path = Dignicate.zero1.app; sourceTree = BUILT_PRODUCTS_DIR; };
		8C060CA6265004C900620288 /* AppDelegate.swift */ = {isa = PBXFileReference; lastKnownFileType = sourcecode.swift; path = AppDelegate.swift; sourceTree = "<group>"; };
		8C060CA8265004C900620288 /* SceneDelegate.swift */ = {isa = PBXFileReference; lastKnownFileType = sourcecode.swift; path = SceneDelegate.swift; sourceTree = "<group>"; };
		8C060CAA265004C900620288 /* TopViewController.swift */ = {isa = PBXFileReference; lastKnownFileType = sourcecode.swift; path = TopViewController.swift; sourceTree = "<group>"; };
		8C060CAD265004C900620288 /* Base */ = {isa = PBXFileReference; lastKnownFileType = file.storyboard; name = Base; path = Base.lproj/Main.storyboard; sourceTree = "<group>"; };
		8C060CAF265004CA00620288 /* Assets.xcassets */ = {isa = PBXFileReference; lastKnownFileType = folder.assetcatalog; path = Assets.xcassets; sourceTree = "<group>"; };
		8C060CB2265004CA00620288 /* Base */ = {isa = PBXFileReference; lastKnownFileType = file.storyboard; name = Base; path = Base.lproj/LaunchScreen.storyboard; sourceTree = "<group>"; };
		8C060CB4265004CA00620288 /* Info.plist */ = {isa = PBXFileReference; lastKnownFileType = text.plist.xml; path = Info.plist; sourceTree = "<group>"; };
		8C060CB9265004CA00620288 /* Dignicate.zero1Tests.xctest */ = {isa = PBXFileReference; explicitFileType = wrapper.cfbundle; includeInIndex = 0; path = Dignicate.zero1Tests.xctest; sourceTree = BUILT_PRODUCTS_DIR; };
		8C060CBD265004CA00620288 /* Dignicate_zero1Tests.swift */ = {isa = PBXFileReference; lastKnownFileType = sourcecode.swift; path = Dignicate_zero1Tests.swift; sourceTree = "<group>"; };
		8C060CBF265004CA00620288 /* Info.plist */ = {isa = PBXFileReference; lastKnownFileType = text.plist.xml; path = Info.plist; sourceTree = "<group>"; };
		8C060CC4265004CA00620288 /* Dignicate.zero1UITests.xctest */ = {isa = PBXFileReference; explicitFileType = wrapper.cfbundle; includeInIndex = 0; path = Dignicate.zero1UITests.xctest; sourceTree = BUILT_PRODUCTS_DIR; };
		8C060CC8265004CA00620288 /* Dignicate_zero1UITests.swift */ = {isa = PBXFileReference; lastKnownFileType = sourcecode.swift; path = Dignicate_zero1UITests.swift; sourceTree = "<group>"; };
		8C060CCA265004CA00620288 /* Info.plist */ = {isa = PBXFileReference; lastKnownFileType = text.plist.xml; path = Info.plist; sourceTree = "<group>"; };
		8C2382662666F6FC001A2CDC /* FetchAndSaveDataViewController.xib */ = {isa = PBXFileReference; lastKnownFileType = file.xib; path = FetchAndSaveDataViewController.xib; sourceTree = "<group>"; };
		8C2ED4CE265562B900D3054D /* BasicFetchAPIViewController.xib */ = {isa = PBXFileReference; lastKnownFileType = file.xib; path = BasicFetchAPIViewController.xib; sourceTree = "<group>"; };
		8CAFE3C527534C3800C9EBB4 /* OneTimeBillingViewController.xib */ = {isa = PBXFileReference; lastKnownFileType = file.xib; path = OneTimeBillingViewController.xib; sourceTree = "<group>"; };
		8CD389412653018300D6F869 /* TopViewTableCell.xib */ = {isa = PBXFileReference; lastKnownFileType = file.xib; path = TopViewTableCell.xib; sourceTree = "<group>"; };
		8CDD7D2326563BDD00F9B503 /* Colors.xcassets */ = {isa = PBXFileReference; lastKnownFileType = folder.assetcatalog; path = Colors.xcassets; sourceTree = "<group>"; };
		B38B81D7EDF255A6775AD05C /* Pods-Dignicate.zero1-Dignicate.zero1UITests.release.xcconfig */ = {isa = PBXFileReference; includeInIndex = 1; lastKnownFileType = text.xcconfig; name = "Pods-Dignicate.zero1-Dignicate.zero1UITests.release.xcconfig"; path = "Target Support Files/Pods-Dignicate.zero1-Dignicate.zero1UITests/Pods-Dignicate.zero1-Dignicate.zero1UITests.release.xcconfig"; sourceTree = "<group>"; };
		E897E018EA9F331EF7FD79D1 /* CompanyInfoDataStoreInMemory.swift */ = {isa = PBXFileReference; fileEncoding = 4; lastKnownFileType = sourcecode.swift; path = CompanyInfoDataStoreInMemory.swift; sourceTree = "<group>"; };
		E897E032FA74925FB5FA3C17 /* TopViewTableCell.swift */ = {isa = PBXFileReference; fileEncoding = 4; lastKnownFileType = sourcecode.swift; path = TopViewTableCell.swift; sourceTree = "<group>"; };
		E897E082BAEF78C0FFF17706 /* BasicFetchAPIViewModel.swift */ = {isa = PBXFileReference; fileEncoding = 4; lastKnownFileType = sourcecode.swift; path = BasicFetchAPIViewModel.swift; sourceTree = "<group>"; };
		E897E2D62ECBD60B61401F9B /* Resources.swift */ = {isa = PBXFileReference; fileEncoding = 4; lastKnownFileType = sourcecode.swift; path = Resources.swift; sourceTree = "<group>"; };
		E897E827967AD304DA62BA2E /* CompanyInfoFetchAndSaveRepositoryMock.swift */ = {isa = PBXFileReference; fileEncoding = 4; lastKnownFileType = sourcecode.swift; path = CompanyInfoFetchAndSaveRepositoryMock.swift; sourceTree = "<group>"; };
		E897EC9DEB0A81C2038818EF /* BasicFetchMockDomain.swift */ = {isa = PBXFileReference; fileEncoding = 4; lastKnownFileType = sourcecode.swift; path = BasicFetchMockDomain.swift; sourceTree = "<group>"; };
		E897EE3D03DFB2D578AA4133 /* TopViewModel.swift */ = {isa = PBXFileReference; fileEncoding = 4; lastKnownFileType = sourcecode.swift; path = TopViewModel.swift; sourceTree = "<group>"; };
		E897EF4DC8D3A3D80AA5FE9E /* BasicFetchAPIViewController.swift */ = {isa = PBXFileReference; fileEncoding = 4; lastKnownFileType = sourcecode.swift; path = BasicFetchAPIViewController.swift; sourceTree = "<group>"; };
/* End PBXFileReference section */

/* Begin PBXFrameworksBuildPhase section */
		8C060CA0265004C900620288 /* Frameworks */ = {
			isa = PBXFrameworksBuildPhase;
			buildActionMask = 2147483647;
			files = (
				6148F3496EC19301BD849245 /* Pods_Dignicate_zero1.framework in Frameworks */,
			);
			runOnlyForDeploymentPostprocessing = 0;
		};
		8C060CB6265004CA00620288 /* Frameworks */ = {
			isa = PBXFrameworksBuildPhase;
			buildActionMask = 2147483647;
			files = (
				DBF1486429FED1EC6FEA82B2 /* Pods_Dignicate_zero1Tests.framework in Frameworks */,
			);
			runOnlyForDeploymentPostprocessing = 0;
		};
		8C060CC1265004CA00620288 /* Frameworks */ = {
			isa = PBXFrameworksBuildPhase;
			buildActionMask = 2147483647;
			files = (
				56A14AB3B53A2E07E2CC4FDE /* Pods_Dignicate_zero1_Dignicate_zero1UITests.framework in Frameworks */,
			);
			runOnlyForDeploymentPostprocessing = 0;
		};
/* End PBXFrameworksBuildPhase section */

/* Begin PBXGroup section */
		36AA8CA6263B5DA6C69ECAE0 /* Frameworks */ = {
			isa = PBXGroup;
			children = (
				7026D913F9453638EF385579 /* Pods_Dignicate_zero1.framework */,
				55DD343CC93620A12127F8E6 /* Pods_Dignicate_zero1_Dignicate_zero1UITests.framework */,
				7C823DF5268C10002526D362 /* Pods_Dignicate_zero1Tests.framework */,
			);
			name = Frameworks;
			sourceTree = "<group>";
		};
		855F5320D4525E163E4B921F /* 01_Basic */ = {
			isa = PBXGroup;
			children = (
				855F5E20BA7A131776D974E8 /* 101_FetchAPI */,
				855F5E29719D8319359F5D53 /* 102_FetchWithDataState */,
				855F52470919915DBE44CB22 /* CompanyInfo.swift */,
				E897EC9DEB0A81C2038818EF /* BasicFetchMockDomain.swift */,
				855F53EB3C440404DA0CBB8F /* 103_FetchAndSaveData */,
			);
			path = 01_Basic;
			sourceTree = "<group>";
		};
		855F53EB3C440404DA0CBB8F /* 103_FetchAndSaveData */ = {
			isa = PBXGroup;
			children = (
				855F55C8653B2AAC2EB6DBC8 /* CompanyInfoFetchAndSaveRepositoryProtocol.swift */,
				855F596B339E7ECDEA781F16 /* FetchAndSaveDataUseCase.swift */,
			);
			path = 103_FetchAndSaveData;
			sourceTree = "<group>";
		};
		855F5782F35CFB57010002AC /* 103_FetchAndSaveData */ = {
			isa = PBXGroup;
			children = (
				855F5CB552D3BDABD6687377 /* FetchAndSaveDataViewController.swift */,
				8C2382662666F6FC001A2CDC /* FetchAndSaveDataViewController.xib */,
				855F5AA5B6B46F8AE88618BD /* FetchAndSaveDataViewModel.swift */,
			);
			path = 103_FetchAndSaveData;
			sourceTree = "<group>";
		};
		855F58A9D0229E691F53F440 /* 04_IAP */ = {
			isa = PBXGroup;
			children = (
				855F5EE51A3617224F413998 /* 401_OneTimeBilling */,
			);
			path = 04_IAP;
			sourceTree = "<group>";
		};
		855F5AAA353D41BAF38C15CC /* 102_FetchWithDataState */ = {
			isa = PBXGroup;
			children = (
				855F576707A2DFB33B9BE7DA /* FetchWithDataStateViewController.swift */,
				855F5AAAA4D80B18F7BC88AB /* FetchWithDataStateViewController.xib */,
				855F5AF8901DFDEDCBC07B7E /* FetchWithDataStateViewModel.swift */,
			);
			path = 102_FetchWithDataState;
			sourceTree = "<group>";
		};
		855F5C80DCAFCE3291FB586F /* 01_Basic */ = {
			isa = PBXGroup;
			children = (
				855F5B4BDC383AD761743957 /* SimpleCompanyInfoRepositoryMock.swift */,
				E897E827967AD304DA62BA2E /* CompanyInfoFetchAndSaveRepositoryMock.swift */,
				E897E018EA9F331EF7FD79D1 /* CompanyInfoDataStoreInMemory.swift */,
			);
			path = 01_Basic;
			sourceTree = "<group>";
		};
		855F5DF10ECF5E49F2E333FA /* 04_IAP */ = {
			isa = PBXGroup;
			children = (
				855F539778A51FD919D62A14 /* OneTimeBillingRepository.swift */,
			);
			path = 04_IAP;
			sourceTree = "<group>";
		};
		855F5E20BA7A131776D974E8 /* 101_FetchAPI */ = {
			isa = PBXGroup;
			children = (
				855F59D2179745D86ECF38E4 /* BasicFetchAPIUseCase.swift */,
				855F55A1B72DEDE3487FD03D /* SimpleCompanyInfoRepositoryProtocol.swift */,
			);
			path = 101_FetchAPI;
			sourceTree = "<group>";
		};
		855F5E29719D8319359F5D53 /* 102_FetchWithDataState */ = {
			isa = PBXGroup;
			children = (
				855F520240E20491D5E54171 /* FetchWithDataStateUseCase.swift */,
			);
			path = 102_FetchWithDataState;
			sourceTree = "<group>";
		};
		855F5EE51A3617224F413998 /* 401_OneTimeBilling */ = {
			isa = PBXGroup;
			children = (
				855F53FDE600EC4CC5CCD7E8 /* OneTimeBillingUseCase.swift */,
				855F5771619D0DF7700CD713 /* OneTimeBillingRepositoryProtocol.swift */,
			);
			path = 401_OneTimeBilling;
			sourceTree = "<group>";
		};
		855F5F5C88F75903677FB796 /* 04_IAP */ = {
			isa = PBXGroup;
			children = (
				855F53758201774B799D98A8 /* OneTimeBillingViewController.swift */,
				8CAFE3C527534C3800C9EBB4 /* OneTimeBillingViewController.xib */,
				855F5946DDD00CDFD6A47FAF /* OneTimeBillingViewModel.swift */,
			);
			path = 04_IAP;
			sourceTree = "<group>";
		};
		8C060C9A265004C900620288 = {
			isa = PBXGroup;
			children = (
				8C060CA5265004C900620288 /* Dignicate.zero1 */,
				8C060CBC265004CA00620288 /* Dignicate.zero1Tests */,
				8C060CC7265004CA00620288 /* Dignicate.zero1UITests */,
				8C060CA4265004C900620288 /* Products */,
				E888A7F72E4A42D32E1BA7B0 /* Pods */,
				36AA8CA6263B5DA6C69ECAE0 /* Frameworks */,
			);
			sourceTree = "<group>";
		};
		8C060CA4265004C900620288 /* Products */ = {
			isa = PBXGroup;
			children = (
				8C060CA3265004C900620288 /* Dignicate.zero1.app */,
				8C060CB9265004CA00620288 /* Dignicate.zero1Tests.xctest */,
				8C060CC4265004CA00620288 /* Dignicate.zero1UITests.xctest */,
			);
			name = Products;
			sourceTree = "<group>";
		};
		8C060CA5265004C900620288 /* Dignicate.zero1 */ = {
			isa = PBXGroup;
			children = (
				8CE9ABFE26513C830075CF5F /* Infra */,
				8CE9ABFC26513BC80075CF5F /* Domain */,
				8CE9ABFA26513A500075CF5F /* View */,
				8C060CA6265004C900620288 /* AppDelegate.swift */,
				8C060CA8265004C900620288 /* SceneDelegate.swift */,
				8C060CAF265004CA00620288 /* Assets.xcassets */,
				8CDD7D2326563BDD00F9B503 /* Colors.xcassets */,
				8C060CB1265004CA00620288 /* LaunchScreen.storyboard */,
				8C060CB4265004CA00620288 /* Info.plist */,
				E897E2D62ECBD60B61401F9B /* Resources.swift */,
			);
			path = Dignicate.zero1;
			sourceTree = "<group>";
		};
		8C060CBC265004CA00620288 /* Dignicate.zero1Tests */ = {
			isa = PBXGroup;
			children = (
				8C060CBD265004CA00620288 /* Dignicate_zero1Tests.swift */,
				8C060CBF265004CA00620288 /* Info.plist */,
			);
			path = Dignicate.zero1Tests;
			sourceTree = "<group>";
		};
		8C060CC7265004CA00620288 /* Dignicate.zero1UITests */ = {
			isa = PBXGroup;
			children = (
				8C060CC8265004CA00620288 /* Dignicate_zero1UITests.swift */,
				8C060CCA265004CA00620288 /* Info.plist */,
			);
			path = Dignicate.zero1UITests;
			sourceTree = "<group>";
		};
		8CE9ABFA26513A500075CF5F /* View */ = {
			isa = PBXGroup;
			children = (
				E897E0FC7E4F0A02CBD9EC85 /* 01_Basic */,
				855F5F5C88F75903677FB796 /* 04_IAP */,
				8CE9ABFB26513B930075CF5F /* Top */,
			);
			path = View;
			sourceTree = "<group>";
		};
		8CE9ABFB26513B930075CF5F /* Top */ = {
			isa = PBXGroup;
			children = (
				8C060CAC265004C900620288 /* Main.storyboard */,
				8C060CAA265004C900620288 /* TopViewController.swift */,
				E897E032FA74925FB5FA3C17 /* TopViewTableCell.swift */,
				8CD389412653018300D6F869 /* TopViewTableCell.xib */,
				E897EE3D03DFB2D578AA4133 /* TopViewModel.swift */,
			);
			path = Top;
			sourceTree = "<group>";
		};
		8CE9ABFC26513BC80075CF5F /* Domain */ = {
			isa = PBXGroup;
			children = (
				855F5320D4525E163E4B921F /* 01_Basic */,
				855F58A9D0229E691F53F440 /* 04_IAP */,
			);
			path = Domain;
			sourceTree = "<group>";
		};
		8CE9ABFE26513C830075CF5F /* Infra */ = {
			isa = PBXGroup;
			children = (
				8CE9AC01265171F30075CF5F /* Preferences */,
				8CE9AC0026513C8F0075CF5F /* Database */,
				8CE9ABFF26513C890075CF5F /* Network */,
				E897E368FE71B325DD86C886 /* Mock */,
			);
			path = Infra;
			sourceTree = "<group>";
		};
		8CE9ABFF26513C890075CF5F /* Network */ = {
			isa = PBXGroup;
			children = (
				855F5DF10ECF5E49F2E333FA /* 04_IAP */,
			);
			path = Network;
			sourceTree = "<group>";
		};
		8CE9AC0026513C8F0075CF5F /* Database */ = {
			isa = PBXGroup;
			children = (
			);
			path = Database;
			sourceTree = "<group>";
		};
		8CE9AC01265171F30075CF5F /* Preferences */ = {
			isa = PBXGroup;
			children = (
			);
			path = Preferences;
			sourceTree = "<group>";
		};
		E888A7F72E4A42D32E1BA7B0 /* Pods */ = {
			isa = PBXGroup;
			children = (
				69F37E804164BEAE24416941 /* Pods-Dignicate.zero1.debug.xcconfig */,
				68BB868F1478C24E5DABDE90 /* Pods-Dignicate.zero1.release.xcconfig */,
				0DD541953A9CD4CAEDF29C9D /* Pods-Dignicate.zero1-Dignicate.zero1UITests.debug.xcconfig */,
				B38B81D7EDF255A6775AD05C /* Pods-Dignicate.zero1-Dignicate.zero1UITests.release.xcconfig */,
				5854B69B6040AFF957F3BC07 /* Pods-Dignicate.zero1Tests.debug.xcconfig */,
				3EED915D7D7A247808EE4FFD /* Pods-Dignicate.zero1Tests.release.xcconfig */,
			);
			path = Pods;
			sourceTree = "<group>";
		};
		E897E0FC7E4F0A02CBD9EC85 /* 01_Basic */ = {
			isa = PBXGroup;
			children = (
				E897E2233D130D7563E1C31E /* 101_FetchAPI */,
				855F5AAA353D41BAF38C15CC /* 102_FetchWithDataState */,
				855F5782F35CFB57010002AC /* 103_FetchAndSaveData */,
			);
			path = 01_Basic;
			sourceTree = "<group>";
		};
		E897E2233D130D7563E1C31E /* 101_FetchAPI */ = {
			isa = PBXGroup;
			children = (
				E897EF4DC8D3A3D80AA5FE9E /* BasicFetchAPIViewController.swift */,
				8C2ED4CE265562B900D3054D /* BasicFetchAPIViewController.xib */,
				E897E082BAEF78C0FFF17706 /* BasicFetchAPIViewModel.swift */,
			);
			path = 101_FetchAPI;
			sourceTree = "<group>";
		};
		E897E368FE71B325DD86C886 /* Mock */ = {
			isa = PBXGroup;
			children = (
				855F5C80DCAFCE3291FB586F /* 01_Basic */,
			);
			path = Mock;
			sourceTree = "<group>";
		};
/* End PBXGroup section */

/* Begin PBXNativeTarget section */
		8C060CA2265004C900620288 /* Dignicate.zero1 */ = {
			isa = PBXNativeTarget;
			buildConfigurationList = 8C060CCD265004CA00620288 /* Build configuration list for PBXNativeTarget "Dignicate.zero1" */;
			buildPhases = (
				415646A22BE93A10E2B3725F /* [CP] Check Pods Manifest.lock */,
				8C060C9F265004C900620288 /* Sources */,
				8C060CA0265004C900620288 /* Frameworks */,
				8C060CA1265004C900620288 /* Resources */,
				C274143CD43B78E639A7D6D3 /* [CP] Embed Pods Frameworks */,
			);
			buildRules = (
			);
			dependencies = (
			);
			name = Dignicate.zero1;
			productName = Dignicate.zero1;
			productReference = 8C060CA3265004C900620288 /* Dignicate.zero1.app */;
			productType = "com.apple.product-type.application";
		};
		8C060CB8265004CA00620288 /* Dignicate.zero1Tests */ = {
			isa = PBXNativeTarget;
			buildConfigurationList = 8C060CD0265004CA00620288 /* Build configuration list for PBXNativeTarget "Dignicate.zero1Tests" */;
			buildPhases = (
				8E48F1439214D16CCEF27298 /* [CP] Check Pods Manifest.lock */,
				8C060CB5265004CA00620288 /* Sources */,
				8C060CB6265004CA00620288 /* Frameworks */,
				8C060CB7265004CA00620288 /* Resources */,
				4E4FE57C39A12F35B60040F6 /* [CP] Embed Pods Frameworks */,
			);
			buildRules = (
			);
			dependencies = (
				8C060CBB265004CA00620288 /* PBXTargetDependency */,
			);
			name = Dignicate.zero1Tests;
			productName = Dignicate.zero1Tests;
			productReference = 8C060CB9265004CA00620288 /* Dignicate.zero1Tests.xctest */;
			productType = "com.apple.product-type.bundle.unit-test";
		};
		8C060CC3265004CA00620288 /* Dignicate.zero1UITests */ = {
			isa = PBXNativeTarget;
			buildConfigurationList = 8C060CD3265004CA00620288 /* Build configuration list for PBXNativeTarget "Dignicate.zero1UITests" */;
			buildPhases = (
				94A15B0AE60D930AE88EEA44 /* [CP] Check Pods Manifest.lock */,
				8C060CC0265004CA00620288 /* Sources */,
				8C060CC1265004CA00620288 /* Frameworks */,
				8C060CC2265004CA00620288 /* Resources */,
				377EF6E9C5642BAC6861E152 /* [CP] Embed Pods Frameworks */,
			);
			buildRules = (
			);
			dependencies = (
				8C060CC6265004CA00620288 /* PBXTargetDependency */,
			);
			name = Dignicate.zero1UITests;
			productName = Dignicate.zero1UITests;
			productReference = 8C060CC4265004CA00620288 /* Dignicate.zero1UITests.xctest */;
			productType = "com.apple.product-type.bundle.ui-testing";
		};
/* End PBXNativeTarget section */

/* Begin PBXProject section */
		8C060C9B265004C900620288 /* Project object */ = {
			isa = PBXProject;
			attributes = {
				LastSwiftUpdateCheck = 1250;
				LastUpgradeCheck = 1250;
				ORGANIZATIONNAME = "Dignicate,";
				TargetAttributes = {
					8C060CA2265004C900620288 = {
						CreatedOnToolsVersion = 12.5;
					};
					8C060CB8265004CA00620288 = {
						CreatedOnToolsVersion = 12.5;
						TestTargetID = 8C060CA2265004C900620288;
					};
					8C060CC3265004CA00620288 = {
						CreatedOnToolsVersion = 12.5;
						TestTargetID = 8C060CA2265004C900620288;
					};
				};
			};
			buildConfigurationList = 8C060C9E265004C900620288 /* Build configuration list for PBXProject "Dignicate.zero1" */;
			compatibilityVersion = "Xcode 9.3";
			developmentRegion = en;
			hasScannedForEncodings = 0;
			knownRegions = (
				en,
				Base,
			);
			mainGroup = 8C060C9A265004C900620288;
			productRefGroup = 8C060CA4265004C900620288 /* Products */;
			projectDirPath = "";
			projectRoot = "";
			targets = (
				8C060CA2265004C900620288 /* Dignicate.zero1 */,
				8C060CB8265004CA00620288 /* Dignicate.zero1Tests */,
				8C060CC3265004CA00620288 /* Dignicate.zero1UITests */,
			);
		};
/* End PBXProject section */

/* Begin PBXResourcesBuildPhase section */
		8C060CA1265004C900620288 /* Resources */ = {
			isa = PBXResourcesBuildPhase;
			buildActionMask = 2147483647;
			files = (
				8C2382672666F6FC001A2CDC /* FetchAndSaveDataViewController.xib in Resources */,
				8CAFE3C627534C3800C9EBB4 /* OneTimeBillingViewController.xib in Resources */,
				8C060CB3265004CA00620288 /* LaunchScreen.storyboard in Resources */,
				8C060CB0265004CA00620288 /* Assets.xcassets in Resources */,
				8C060CAE265004C900620288 /* Main.storyboard in Resources */,
				8CDD7D2426563BDD00F9B503 /* Colors.xcassets in Resources */,
				8C2ED4CF265562B900D3054D /* BasicFetchAPIViewController.xib in Resources */,
				8CD389422653018300D6F869 /* TopViewTableCell.xib in Resources */,
				855F5BF9A2E3AA93C14273FB /* FetchWithDataStateViewController.xib in Resources */,
			);
			runOnlyForDeploymentPostprocessing = 0;
		};
		8C060CB7265004CA00620288 /* Resources */ = {
			isa = PBXResourcesBuildPhase;
			buildActionMask = 2147483647;
			files = (
			);
			runOnlyForDeploymentPostprocessing = 0;
		};
		8C060CC2265004CA00620288 /* Resources */ = {
			isa = PBXResourcesBuildPhase;
			buildActionMask = 2147483647;
			files = (
			);
			runOnlyForDeploymentPostprocessing = 0;
		};
/* End PBXResourcesBuildPhase section */

/* Begin PBXShellScriptBuildPhase section */
		377EF6E9C5642BAC6861E152 /* [CP] Embed Pods Frameworks */ = {
			isa = PBXShellScriptBuildPhase;
			buildActionMask = 2147483647;
			files = (
			);
			inputFileListPaths = (
				"${PODS_ROOT}/Target Support Files/Pods-Dignicate.zero1-Dignicate.zero1UITests/Pods-Dignicate.zero1-Dignicate.zero1UITests-frameworks-${CONFIGURATION}-input-files.xcfilelist",
			);
			name = "[CP] Embed Pods Frameworks";
			outputFileListPaths = (
				"${PODS_ROOT}/Target Support Files/Pods-Dignicate.zero1-Dignicate.zero1UITests/Pods-Dignicate.zero1-Dignicate.zero1UITests-frameworks-${CONFIGURATION}-output-files.xcfilelist",
			);
			runOnlyForDeploymentPostprocessing = 0;
			shellPath = /bin/sh;
			shellScript = "\"${PODS_ROOT}/Target Support Files/Pods-Dignicate.zero1-Dignicate.zero1UITests/Pods-Dignicate.zero1-Dignicate.zero1UITests-frameworks.sh\"\n";
			showEnvVarsInLog = 0;
		};
		415646A22BE93A10E2B3725F /* [CP] Check Pods Manifest.lock */ = {
			isa = PBXShellScriptBuildPhase;
			buildActionMask = 2147483647;
			files = (
			);
			inputFileListPaths = (
			);
			inputPaths = (
				"${PODS_PODFILE_DIR_PATH}/Podfile.lock",
				"${PODS_ROOT}/Manifest.lock",
			);
			name = "[CP] Check Pods Manifest.lock";
			outputFileListPaths = (
			);
			outputPaths = (
				"$(DERIVED_FILE_DIR)/Pods-Dignicate.zero1-checkManifestLockResult.txt",
			);
			runOnlyForDeploymentPostprocessing = 0;
			shellPath = /bin/sh;
			shellScript = "diff \"${PODS_PODFILE_DIR_PATH}/Podfile.lock\" \"${PODS_ROOT}/Manifest.lock\" > /dev/null\nif [ $? != 0 ] ; then\n    # print error to STDERR\n    echo \"error: The sandbox is not in sync with the Podfile.lock. Run 'pod install' or update your CocoaPods installation.\" >&2\n    exit 1\nfi\n# This output is used by Xcode 'outputs' to avoid re-running this script phase.\necho \"SUCCESS\" > \"${SCRIPT_OUTPUT_FILE_0}\"\n";
			showEnvVarsInLog = 0;
		};
		4E4FE57C39A12F35B60040F6 /* [CP] Embed Pods Frameworks */ = {
			isa = PBXShellScriptBuildPhase;
			buildActionMask = 2147483647;
			files = (
			);
			inputFileListPaths = (
				"${PODS_ROOT}/Target Support Files/Pods-Dignicate.zero1Tests/Pods-Dignicate.zero1Tests-frameworks-${CONFIGURATION}-input-files.xcfilelist",
			);
			name = "[CP] Embed Pods Frameworks";
			outputFileListPaths = (
				"${PODS_ROOT}/Target Support Files/Pods-Dignicate.zero1Tests/Pods-Dignicate.zero1Tests-frameworks-${CONFIGURATION}-output-files.xcfilelist",
			);
			runOnlyForDeploymentPostprocessing = 0;
			shellPath = /bin/sh;
			shellScript = "\"${PODS_ROOT}/Target Support Files/Pods-Dignicate.zero1Tests/Pods-Dignicate.zero1Tests-frameworks.sh\"\n";
			showEnvVarsInLog = 0;
		};
		8E48F1439214D16CCEF27298 /* [CP] Check Pods Manifest.lock */ = {
			isa = PBXShellScriptBuildPhase;
			buildActionMask = 2147483647;
			files = (
			);
			inputFileListPaths = (
			);
			inputPaths = (
				"${PODS_PODFILE_DIR_PATH}/Podfile.lock",
				"${PODS_ROOT}/Manifest.lock",
			);
			name = "[CP] Check Pods Manifest.lock";
			outputFileListPaths = (
			);
			outputPaths = (
				"$(DERIVED_FILE_DIR)/Pods-Dignicate.zero1Tests-checkManifestLockResult.txt",
			);
			runOnlyForDeploymentPostprocessing = 0;
			shellPath = /bin/sh;
			shellScript = "diff \"${PODS_PODFILE_DIR_PATH}/Podfile.lock\" \"${PODS_ROOT}/Manifest.lock\" > /dev/null\nif [ $? != 0 ] ; then\n    # print error to STDERR\n    echo \"error: The sandbox is not in sync with the Podfile.lock. Run 'pod install' or update your CocoaPods installation.\" >&2\n    exit 1\nfi\n# This output is used by Xcode 'outputs' to avoid re-running this script phase.\necho \"SUCCESS\" > \"${SCRIPT_OUTPUT_FILE_0}\"\n";
			showEnvVarsInLog = 0;
		};
		94A15B0AE60D930AE88EEA44 /* [CP] Check Pods Manifest.lock */ = {
			isa = PBXShellScriptBuildPhase;
			buildActionMask = 2147483647;
			files = (
			);
			inputFileListPaths = (
			);
			inputPaths = (
				"${PODS_PODFILE_DIR_PATH}/Podfile.lock",
				"${PODS_ROOT}/Manifest.lock",
			);
			name = "[CP] Check Pods Manifest.lock";
			outputFileListPaths = (
			);
			outputPaths = (
				"$(DERIVED_FILE_DIR)/Pods-Dignicate.zero1-Dignicate.zero1UITests-checkManifestLockResult.txt",
			);
			runOnlyForDeploymentPostprocessing = 0;
			shellPath = /bin/sh;
			shellScript = "diff \"${PODS_PODFILE_DIR_PATH}/Podfile.lock\" \"${PODS_ROOT}/Manifest.lock\" > /dev/null\nif [ $? != 0 ] ; then\n    # print error to STDERR\n    echo \"error: The sandbox is not in sync with the Podfile.lock. Run 'pod install' or update your CocoaPods installation.\" >&2\n    exit 1\nfi\n# This output is used by Xcode 'outputs' to avoid re-running this script phase.\necho \"SUCCESS\" > \"${SCRIPT_OUTPUT_FILE_0}\"\n";
			showEnvVarsInLog = 0;
		};
		C274143CD43B78E639A7D6D3 /* [CP] Embed Pods Frameworks */ = {
			isa = PBXShellScriptBuildPhase;
			buildActionMask = 2147483647;
			files = (
			);
			inputFileListPaths = (
				"${PODS_ROOT}/Target Support Files/Pods-Dignicate.zero1/Pods-Dignicate.zero1-frameworks-${CONFIGURATION}-input-files.xcfilelist",
			);
			name = "[CP] Embed Pods Frameworks";
			outputFileListPaths = (
				"${PODS_ROOT}/Target Support Files/Pods-Dignicate.zero1/Pods-Dignicate.zero1-frameworks-${CONFIGURATION}-output-files.xcfilelist",
			);
			runOnlyForDeploymentPostprocessing = 0;
			shellPath = /bin/sh;
			shellScript = "\"${PODS_ROOT}/Target Support Files/Pods-Dignicate.zero1/Pods-Dignicate.zero1-frameworks.sh\"\n";
			showEnvVarsInLog = 0;
		};
/* End PBXShellScriptBuildPhase section */

/* Begin PBXSourcesBuildPhase section */
		8C060C9F265004C900620288 /* Sources */ = {
			isa = PBXSourcesBuildPhase;
			buildActionMask = 2147483647;
			files = (
				8C060CAB265004C900620288 /* TopViewController.swift in Sources */,
				8C060CA7265004C900620288 /* AppDelegate.swift in Sources */,
				8C060CA9265004C900620288 /* SceneDelegate.swift in Sources */,
				E897E942D0C02431FCD08DCF /* TopViewTableCell.swift in Sources */,
				E897ECB580CEBEF411CC06D6 /* Resources.swift in Sources */,
				E897EE7E53C9EA3ED885D30E /* BasicFetchAPIViewController.swift in Sources */,
				E897E6F8CCC97C43CBF67C90 /* TopViewModel.swift in Sources */,
				E897E79F94384F67658D9AB4 /* BasicFetchAPIViewModel.swift in Sources */,
				855F5B7F99ECED87AEE2C873 /* BasicFetchAPIUseCase.swift in Sources */,
				855F5418984676741BDF3EBD /* FetchWithDataStateUseCase.swift in Sources */,
				855F5A6027396628911592D1 /* CompanyInfo.swift in Sources */,
				855F56FD3EC7B94A5D7FE593 /* SimpleCompanyInfoRepositoryMock.swift in Sources */,
				855F5425B37D6A73F319E76E /* FetchWithDataStateViewController.swift in Sources */,
				855F52815C5A95A32868CA79 /* FetchWithDataStateViewModel.swift in Sources */,
				E897E054B73B470452303D42 /* BasicFetchMockDomain.swift in Sources */,
				855F5369ACEAF3CD77D2C760 /* CompanyInfoFetchAndSaveRepositoryProtocol.swift in Sources */,
				855F5AA9C990E65442556757 /* SimpleCompanyInfoRepositoryProtocol.swift in Sources */,
				855F51C69772B1C173921698 /* FetchAndSaveDataUseCase.swift in Sources */,
				855F54E4F2C23BDF06AFE4D3 /* FetchAndSaveDataViewController.swift in Sources */,
				855F5AB1BC08C931D137D3FB /* FetchAndSaveDataViewModel.swift in Sources */,
				E897E831AC66B10271714E3A /* CompanyInfoFetchAndSaveRepositoryMock.swift in Sources */,
				E897E3D303653AA6A379563F /* CompanyInfoDataStoreInMemory.swift in Sources */,
				855F58744038EF7A38D07662 /* OneTimeBillingViewController.swift in Sources */,
				855F5D1C92E93F92F04F1E41 /* OneTimeBillingViewModel.swift in Sources */,
				855F56DE7A8DFCB210AA3356 /* OneTimeBillingUseCase.swift in Sources */,
				855F550E2BA72385F4464BAB /* OneTimeBillingRepositoryProtocol.swift in Sources */,
				855F56EA45AC3F19EB26DDA6 /* OneTimeBillingRepository.swift in Sources */,
			);
			runOnlyForDeploymentPostprocessing = 0;
		};
		8C060CB5265004CA00620288 /* Sources */ = {
			isa = PBXSourcesBuildPhase;
			buildActionMask = 2147483647;
			files = (
				8C060CBE265004CA00620288 /* Dignicate_zero1Tests.swift in Sources */,
			);
			runOnlyForDeploymentPostprocessing = 0;
		};
		8C060CC0265004CA00620288 /* Sources */ = {
			isa = PBXSourcesBuildPhase;
			buildActionMask = 2147483647;
			files = (
				8C060CC9265004CA00620288 /* Dignicate_zero1UITests.swift in Sources */,
			);
			runOnlyForDeploymentPostprocessing = 0;
		};
/* End PBXSourcesBuildPhase section */

/* Begin PBXTargetDependency section */
		8C060CBB265004CA00620288 /* PBXTargetDependency */ = {
			isa = PBXTargetDependency;
			target = 8C060CA2265004C900620288 /* Dignicate.zero1 */;
			targetProxy = 8C060CBA265004CA00620288 /* PBXContainerItemProxy */;
		};
		8C060CC6265004CA00620288 /* PBXTargetDependency */ = {
			isa = PBXTargetDependency;
			target = 8C060CA2265004C900620288 /* Dignicate.zero1 */;
			targetProxy = 8C060CC5265004CA00620288 /* PBXContainerItemProxy */;
		};
/* End PBXTargetDependency section */

/* Begin PBXVariantGroup section */
		8C060CAC265004C900620288 /* Main.storyboard */ = {
			isa = PBXVariantGroup;
			children = (
				8C060CAD265004C900620288 /* Base */,
			);
			name = Main.storyboard;
			sourceTree = "<group>";
		};
		8C060CB1265004CA00620288 /* LaunchScreen.storyboard */ = {
			isa = PBXVariantGroup;
			children = (
				8C060CB2265004CA00620288 /* Base */,
			);
			name = LaunchScreen.storyboard;
			sourceTree = "<group>";
		};
/* End PBXVariantGroup section */

/* Begin XCBuildConfiguration section */
		8C060CCB265004CA00620288 /* Debug */ = {
			isa = XCBuildConfiguration;
			buildSettings = {
				ALWAYS_SEARCH_USER_PATHS = NO;
				CLANG_ANALYZER_NONNULL = YES;
				CLANG_ANALYZER_NUMBER_OBJECT_CONVERSION = YES_AGGRESSIVE;
				CLANG_CXX_LANGUAGE_STANDARD = "gnu++14";
				CLANG_CXX_LIBRARY = "libc++";
				CLANG_ENABLE_MODULES = YES;
				CLANG_ENABLE_OBJC_ARC = YES;
				CLANG_ENABLE_OBJC_WEAK = YES;
				CLANG_WARN_BLOCK_CAPTURE_AUTORELEASING = YES;
				CLANG_WARN_BOOL_CONVERSION = YES;
				CLANG_WARN_COMMA = YES;
				CLANG_WARN_CONSTANT_CONVERSION = YES;
				CLANG_WARN_DEPRECATED_OBJC_IMPLEMENTATIONS = YES;
				CLANG_WARN_DIRECT_OBJC_ISA_USAGE = YES_ERROR;
				CLANG_WARN_DOCUMENTATION_COMMENTS = YES;
				CLANG_WARN_EMPTY_BODY = YES;
				CLANG_WARN_ENUM_CONVERSION = YES;
				CLANG_WARN_INFINITE_RECURSION = YES;
				CLANG_WARN_INT_CONVERSION = YES;
				CLANG_WARN_NON_LITERAL_NULL_CONVERSION = YES;
				CLANG_WARN_OBJC_IMPLICIT_RETAIN_SELF = YES;
				CLANG_WARN_OBJC_LITERAL_CONVERSION = YES;
				CLANG_WARN_OBJC_ROOT_CLASS = YES_ERROR;
				CLANG_WARN_QUOTED_INCLUDE_IN_FRAMEWORK_HEADER = YES;
				CLANG_WARN_RANGE_LOOP_ANALYSIS = YES;
				CLANG_WARN_STRICT_PROTOTYPES = YES;
				CLANG_WARN_SUSPICIOUS_MOVE = YES;
				CLANG_WARN_UNGUARDED_AVAILABILITY = YES_AGGRESSIVE;
				CLANG_WARN_UNREACHABLE_CODE = YES;
				CLANG_WARN__DUPLICATE_METHOD_MATCH = YES;
				COPY_PHASE_STRIP = NO;
				DEBUG_INFORMATION_FORMAT = dwarf;
				ENABLE_STRICT_OBJC_MSGSEND = YES;
				ENABLE_TESTABILITY = YES;
				GCC_C_LANGUAGE_STANDARD = gnu11;
				GCC_DYNAMIC_NO_PIC = NO;
				GCC_NO_COMMON_BLOCKS = YES;
				GCC_OPTIMIZATION_LEVEL = 0;
				GCC_PREPROCESSOR_DEFINITIONS = (
					"DEBUG=1",
					"$(inherited)",
				);
				GCC_WARN_64_TO_32_BIT_CONVERSION = YES;
				GCC_WARN_ABOUT_RETURN_TYPE = YES_ERROR;
				GCC_WARN_UNDECLARED_SELECTOR = YES;
				GCC_WARN_UNINITIALIZED_AUTOS = YES_AGGRESSIVE;
				GCC_WARN_UNUSED_FUNCTION = YES;
				GCC_WARN_UNUSED_VARIABLE = YES;
				IPHONEOS_DEPLOYMENT_TARGET = 14.5;
				MTL_ENABLE_DEBUG_INFO = INCLUDE_SOURCE;
				MTL_FAST_MATH = YES;
				ONLY_ACTIVE_ARCH = YES;
				SDKROOT = iphoneos;
				SWIFT_ACTIVE_COMPILATION_CONDITIONS = DEBUG;
				SWIFT_OPTIMIZATION_LEVEL = "-Onone";
			};
			name = Debug;
		};
		8C060CCC265004CA00620288 /* Release */ = {
			isa = XCBuildConfiguration;
			buildSettings = {
				ALWAYS_SEARCH_USER_PATHS = NO;
				CLANG_ANALYZER_NONNULL = YES;
				CLANG_ANALYZER_NUMBER_OBJECT_CONVERSION = YES_AGGRESSIVE;
				CLANG_CXX_LANGUAGE_STANDARD = "gnu++14";
				CLANG_CXX_LIBRARY = "libc++";
				CLANG_ENABLE_MODULES = YES;
				CLANG_ENABLE_OBJC_ARC = YES;
				CLANG_ENABLE_OBJC_WEAK = YES;
				CLANG_WARN_BLOCK_CAPTURE_AUTORELEASING = YES;
				CLANG_WARN_BOOL_CONVERSION = YES;
				CLANG_WARN_COMMA = YES;
				CLANG_WARN_CONSTANT_CONVERSION = YES;
				CLANG_WARN_DEPRECATED_OBJC_IMPLEMENTATIONS = YES;
				CLANG_WARN_DIRECT_OBJC_ISA_USAGE = YES_ERROR;
				CLANG_WARN_DOCUMENTATION_COMMENTS = YES;
				CLANG_WARN_EMPTY_BODY = YES;
				CLANG_WARN_ENUM_CONVERSION = YES;
				CLANG_WARN_INFINITE_RECURSION = YES;
				CLANG_WARN_INT_CONVERSION = YES;
				CLANG_WARN_NON_LITERAL_NULL_CONVERSION = YES;
				CLANG_WARN_OBJC_IMPLICIT_RETAIN_SELF = YES;
				CLANG_WARN_OBJC_LITERAL_CONVERSION = YES;
				CLANG_WARN_OBJC_ROOT_CLASS = YES_ERROR;
				CLANG_WARN_QUOTED_INCLUDE_IN_FRAMEWORK_HEADER = YES;
				CLANG_WARN_RANGE_LOOP_ANALYSIS = YES;
				CLANG_WARN_STRICT_PROTOTYPES = YES;
				CLANG_WARN_SUSPICIOUS_MOVE = YES;
				CLANG_WARN_UNGUARDED_AVAILABILITY = YES_AGGRESSIVE;
				CLANG_WARN_UNREACHABLE_CODE = YES;
				CLANG_WARN__DUPLICATE_METHOD_MATCH = YES;
				COPY_PHASE_STRIP = NO;
				DEBUG_INFORMATION_FORMAT = "dwarf-with-dsym";
				ENABLE_NS_ASSERTIONS = NO;
				ENABLE_STRICT_OBJC_MSGSEND = YES;
				GCC_C_LANGUAGE_STANDARD = gnu11;
				GCC_NO_COMMON_BLOCKS = YES;
				GCC_WARN_64_TO_32_BIT_CONVERSION = YES;
				GCC_WARN_ABOUT_RETURN_TYPE = YES_ERROR;
				GCC_WARN_UNDECLARED_SELECTOR = YES;
				GCC_WARN_UNINITIALIZED_AUTOS = YES_AGGRESSIVE;
				GCC_WARN_UNUSED_FUNCTION = YES;
				GCC_WARN_UNUSED_VARIABLE = YES;
				IPHONEOS_DEPLOYMENT_TARGET = 14.5;
				MTL_ENABLE_DEBUG_INFO = NO;
				MTL_FAST_MATH = YES;
				SDKROOT = iphoneos;
				SWIFT_COMPILATION_MODE = wholemodule;
				SWIFT_OPTIMIZATION_LEVEL = "-O";
				VALIDATE_PRODUCT = YES;
			};
			name = Release;
		};
		8C060CCE265004CA00620288 /* Debug */ = {
			isa = XCBuildConfiguration;
			baseConfigurationReference = 69F37E804164BEAE24416941 /* Pods-Dignicate.zero1.debug.xcconfig */;
			buildSettings = {
				ASSETCATALOG_COMPILER_APPICON_NAME = AppIcon;
				ASSETCATALOG_COMPILER_GLOBAL_ACCENT_COLOR_NAME = AccentColor;
				CODE_SIGN_STYLE = Automatic;
				DEVELOPMENT_TEAM = W2MEN2BU2P;
				INFOPLIST_FILE = Dignicate.zero1/Info.plist;
				LD_RUNPATH_SEARCH_PATHS = (
					"$(inherited)",
					"@executable_path/Frameworks",
				);
				PRODUCT_BUNDLE_IDENTIFIER = "com.dignicate.Dignicate-zero1";
				PRODUCT_NAME = "$(TARGET_NAME)";
				SWIFT_VERSION = 5.0;
				TARGETED_DEVICE_FAMILY = "1,2";
			};
			name = Debug;
		};
		8C060CCF265004CA00620288 /* Release */ = {
			isa = XCBuildConfiguration;
			baseConfigurationReference = 68BB868F1478C24E5DABDE90 /* Pods-Dignicate.zero1.release.xcconfig */;
			buildSettings = {
				ASSETCATALOG_COMPILER_APPICON_NAME = AppIcon;
				ASSETCATALOG_COMPILER_GLOBAL_ACCENT_COLOR_NAME = AccentColor;
				CODE_SIGN_STYLE = Automatic;
				DEVELOPMENT_TEAM = W2MEN2BU2P;
				INFOPLIST_FILE = Dignicate.zero1/Info.plist;
				LD_RUNPATH_SEARCH_PATHS = (
					"$(inherited)",
					"@executable_path/Frameworks",
				);
				PRODUCT_BUNDLE_IDENTIFIER = "com.dignicate.Dignicate-zero1";
				PRODUCT_NAME = "$(TARGET_NAME)";
				SWIFT_VERSION = 5.0;
				TARGETED_DEVICE_FAMILY = "1,2";
			};
			name = Release;
		};
		8C060CD1265004CA00620288 /* Debug */ = {
			isa = XCBuildConfiguration;
			baseConfigurationReference = 5854B69B6040AFF957F3BC07 /* Pods-Dignicate.zero1Tests.debug.xcconfig */;
			buildSettings = {
				ALWAYS_EMBED_SWIFT_STANDARD_LIBRARIES = YES;
				BUNDLE_LOADER = "$(TEST_HOST)";
				CODE_SIGN_STYLE = Automatic;
				DEVELOPMENT_TEAM = W2MEN2BU2P;
				INFOPLIST_FILE = Dignicate.zero1Tests/Info.plist;
				IPHONEOS_DEPLOYMENT_TARGET = 14.5;
				LD_RUNPATH_SEARCH_PATHS = (
					"$(inherited)",
					"@executable_path/Frameworks",
					"@loader_path/Frameworks",
				);
				PRODUCT_BUNDLE_IDENTIFIER = "com.dignicate.Dignicate-zero1Tests";
				PRODUCT_NAME = "$(TARGET_NAME)";
				SWIFT_VERSION = 5.0;
				TARGETED_DEVICE_FAMILY = "1,2";
				TEST_HOST = "$(BUILT_PRODUCTS_DIR)/Dignicate.zero1.app/Dignicate.zero1";
			};
			name = Debug;
		};
		8C060CD2265004CA00620288 /* Release */ = {
			isa = XCBuildConfiguration;
			baseConfigurationReference = 3EED915D7D7A247808EE4FFD /* Pods-Dignicate.zero1Tests.release.xcconfig */;
			buildSettings = {
				ALWAYS_EMBED_SWIFT_STANDARD_LIBRARIES = YES;
				BUNDLE_LOADER = "$(TEST_HOST)";
				CODE_SIGN_STYLE = Automatic;
				DEVELOPMENT_TEAM = W2MEN2BU2P;
				INFOPLIST_FILE = Dignicate.zero1Tests/Info.plist;
				IPHONEOS_DEPLOYMENT_TARGET = 14.5;
				LD_RUNPATH_SEARCH_PATHS = (
					"$(inherited)",
					"@executable_path/Frameworks",
					"@loader_path/Frameworks",
				);
				PRODUCT_BUNDLE_IDENTIFIER = "com.dignicate.Dignicate-zero1Tests";
				PRODUCT_NAME = "$(TARGET_NAME)";
				SWIFT_VERSION = 5.0;
				TARGETED_DEVICE_FAMILY = "1,2";
				TEST_HOST = "$(BUILT_PRODUCTS_DIR)/Dignicate.zero1.app/Dignicate.zero1";
			};
			name = Release;
		};
		8C060CD4265004CA00620288 /* Debug */ = {
			isa = XCBuildConfiguration;
			baseConfigurationReference = 0DD541953A9CD4CAEDF29C9D /* Pods-Dignicate.zero1-Dignicate.zero1UITests.debug.xcconfig */;
			buildSettings = {
				ALWAYS_EMBED_SWIFT_STANDARD_LIBRARIES = YES;
				CODE_SIGN_STYLE = Automatic;
				DEVELOPMENT_TEAM = W2MEN2BU2P;
				INFOPLIST_FILE = Dignicate.zero1UITests/Info.plist;
				LD_RUNPATH_SEARCH_PATHS = (
					"$(inherited)",
					"@executable_path/Frameworks",
					"@loader_path/Frameworks",
				);
				PRODUCT_BUNDLE_IDENTIFIER = "com.dignicate.Dignicate-zero1UITests";
				PRODUCT_NAME = "$(TARGET_NAME)";
				SWIFT_VERSION = 5.0;
				TARGETED_DEVICE_FAMILY = "1,2";
				TEST_TARGET_NAME = Dignicate.zero1;
			};
			name = Debug;
		};
		8C060CD5265004CA00620288 /* Release */ = {
			isa = XCBuildConfiguration;
			baseConfigurationReference = B38B81D7EDF255A6775AD05C /* Pods-Dignicate.zero1-Dignicate.zero1UITests.release.xcconfig */;
			buildSettings = {
				ALWAYS_EMBED_SWIFT_STANDARD_LIBRARIES = YES;
				CODE_SIGN_STYLE = Automatic;
				DEVELOPMENT_TEAM = W2MEN2BU2P;
				INFOPLIST_FILE = Dignicate.zero1UITests/Info.plist;
				LD_RUNPATH_SEARCH_PATHS = (
					"$(inherited)",
					"@executable_path/Frameworks",
					"@loader_path/Frameworks",
				);
				PRODUCT_BUNDLE_IDENTIFIER = "com.dignicate.Dignicate-zero1UITests";
				PRODUCT_NAME = "$(TARGET_NAME)";
				SWIFT_VERSION = 5.0;
				TARGETED_DEVICE_FAMILY = "1,2";
				TEST_TARGET_NAME = Dignicate.zero1;
			};
			name = Release;
		};
/* End XCBuildConfiguration section */

/* Begin XCConfigurationList section */
		8C060C9E265004C900620288 /* Build configuration list for PBXProject "Dignicate.zero1" */ = {
			isa = XCConfigurationList;
			buildConfigurations = (
				8C060CCB265004CA00620288 /* Debug */,
				8C060CCC265004CA00620288 /* Release */,
			);
			defaultConfigurationIsVisible = 0;
			defaultConfigurationName = Release;
		};
		8C060CCD265004CA00620288 /* Build configuration list for PBXNativeTarget "Dignicate.zero1" */ = {
			isa = XCConfigurationList;
			buildConfigurations = (
				8C060CCE265004CA00620288 /* Debug */,
				8C060CCF265004CA00620288 /* Release */,
			);
			defaultConfigurationIsVisible = 0;
			defaultConfigurationName = Release;
		};
		8C060CD0265004CA00620288 /* Build configuration list for PBXNativeTarget "Dignicate.zero1Tests" */ = {
			isa = XCConfigurationList;
			buildConfigurations = (
				8C060CD1265004CA00620288 /* Debug */,
				8C060CD2265004CA00620288 /* Release */,
			);
			defaultConfigurationIsVisible = 0;
			defaultConfigurationName = Release;
		};
		8C060CD3265004CA00620288 /* Build configuration list for PBXNativeTarget "Dignicate.zero1UITests" */ = {
			isa = XCConfigurationList;
			buildConfigurations = (
				8C060CD4265004CA00620288 /* Debug */,
				8C060CD5265004CA00620288 /* Release */,
			);
			defaultConfigurationIsVisible = 0;
			defaultConfigurationName = Release;
		};
/* End XCConfigurationList section */
	};
	rootObject = 8C060C9B265004C900620288 /* Project object */;
}
